
Microsoft Visual Studio Solution File, Format Version 12.00
# Visual Studio Version 16
VisualStudioVersion = 16.0.31402.337
MinimumVisualStudioVersion = 10.0.40219.1
Project("{FAE04EC0-301F-11D3-BF4B-00C04F79EFBC}") = "LegoStore", "LegoStore\LegoStore.csproj", "{A9942D6B-CBD4-44CF-8418-A3A4352976FD}"
	ProjectSection(ProjectDependencies) = postProject
		{990CEF9A-F03C-4A22-B500-748F7F9EE1E3} = {990CEF9A-F03C-4A22-B500-748F7F9EE1E3}
	EndProjectSection
EndProject
Project("{FAE04EC0-301F-11D3-BF4B-00C04F79EFBC}") = "Domain", "Domain\Domain.csproj", "{990CEF9A-F03C-4A22-B500-748F7F9EE1E3}"
EndProject
Global
	GlobalSection(SolutionConfigurationPlatforms) = preSolution
		Debug|Any CPU = Debug|Any CPU
		Release|Any CPU = Release|Any CPU
	EndGlobalSection
	GlobalSection(ProjectConfigurationPlatforms) = postSolution
		{A9942D6B-CBD4-44CF-8418-A3A4352976FD}.Debug|Any CPU.ActiveCfg = Debug|Any CPU
		{A9942D6B-CBD4-44CF-8418-A3A4352976FD}.Debug|Any CPU.Build.0 = Debug|Any CPU
		{A9942D6B-CBD4-44CF-8418-A3A4352976FD}.Release|Any CPU.ActiveCfg = Release|Any CPU
		{A9942D6B-CBD4-44CF-8418-A3A4352976FD}.Release|Any CPU.Build.0 = Release|Any CPU
		{990CEF9A-F03C-4A22-B500-748F7F9EE1E3}.Debug|Any CPU.ActiveCfg = Debug|Any CPU
		{990CEF9A-F03C-4A22-B500-748F7F9EE1E3}.Debug|Any CPU.Build.0 = Debug|Any CPU
		{990CEF9A-F03C-4A22-B500-748F7F9EE1E3}.Release|Any CPU.ActiveCfg = Release|Any CPU
		{990CEF9A-F03C-4A22-B500-748F7F9EE1E3}.Release|Any CPU.Build.0 = Release|Any CPU
	EndGlobalSection
	GlobalSection(SolutionProperties) = preSolution
		HideSolutionNode = FALSE
	EndGlobalSection
	GlobalSection(ExtensibilityGlobals) = postSolution
		SolutionGuid = {5603119E-AFFE-4E6D-94C1-D9E56ED9AF5F}
	EndGlobalSection
EndGlobal
